
Microsoft Visual Studio Solution File, Format Version 12.00
# Visual Studio Version 16
VisualStudioVersion = 16.0.32228.343
MinimumVisualStudioVersion = 10.0.40219.1
Project("{FAE04EC0-301F-11D3-BF4B-00C04F79EFBC}") = "FuncCreateJWTToken", "FuncCreateJWTToken.csproj", "{7D66925E-EA13-4894-B478-030D73552E11}"
EndProject
Global
	GlobalSection(SolutionConfigurationPlatforms) = preSolution
		Debug|Any CPU = Debug|Any CPU
		Release|Any CPU = Release|Any CPU
	EndGlobalSection
	GlobalSection(ProjectConfigurationPlatforms) = postSolution
		{7D66925E-EA13-4894-B478-030D73552E11}.Debug|Any CPU.ActiveCfg = Debug|Any CPU
		{7D66925E-EA13-4894-B478-030D73552E11}.Debug|Any CPU.Build.0 = Debug|Any CPU
		{7D66925E-EA13-4894-B478-030D73552E11}.Release|Any CPU.ActiveCfg = Release|Any CPU
		{7D66925E-EA13-4894-B478-030D73552E11}.Release|Any CPU.Build.0 = Release|Any CPU
	EndGlobalSection
	GlobalSection(SolutionProperties) = preSolution
		HideSolutionNode = FALSE
	EndGlobalSection
	GlobalSection(ExtensibilityGlobals) = postSolution
		SolutionGuid = {6F317FB0-EAD1-40D5-B808-389AE1E9400A}
	EndGlobalSection
EndGlobal
