
Microsoft Visual Studio Solution File, Format Version 12.00
# Visual Studio Version 16
VisualStudioVersion = 16.0.32228.343
MinimumVisualStudioVersion = 10.0.40219.1
Project("{FAE04EC0-301F-11D3-BF4B-00C04F79EFBC}") = "FuncSMARTSPACE-HVAC", "FuncSMARTSPACE-HVAC.csproj", "{B577FFFF-ACC9-4416-B9F0-8D3640268FF0}"
EndProject
Global
	GlobalSection(SolutionConfigurationPlatforms) = preSolution
		Debug|Any CPU = Debug|Any CPU
		Release|Any CPU = Release|Any CPU
	EndGlobalSection
	GlobalSection(ProjectConfigurationPlatforms) = postSolution
		{B577FFFF-ACC9-4416-B9F0-8D3640268FF0}.Debug|Any CPU.ActiveCfg = Debug|Any CPU
		{B577FFFF-ACC9-4416-B9F0-8D3640268FF0}.Debug|Any CPU.Build.0 = Debug|Any CPU
		{B577FFFF-ACC9-4416-B9F0-8D3640268FF0}.Release|Any CPU.ActiveCfg = Release|Any CPU
		{B577FFFF-ACC9-4416-B9F0-8D3640268FF0}.Release|Any CPU.Build.0 = Release|Any CPU
	EndGlobalSection
	GlobalSection(SolutionProperties) = preSolution
		HideSolutionNode = FALSE
	EndGlobalSection
	GlobalSection(ExtensibilityGlobals) = postSolution
		SolutionGuid = {6DEE4F37-2075-4346-81E1-7A3B3708FF78}
	EndGlobalSection
EndGlobal
