
Microsoft Visual Studio Solution File, Format Version 12.00
# Visual Studio Version 16
VisualStudioVersion = 16.0.32228.343
MinimumVisualStudioVersion = 10.0.40219.1
Project("{FAE04EC0-301F-11D3-BF4B-00C04F79EFBC}") = "FuncSMARTSPACE", "FuncSMARTSPACE.csproj", "{9C1B1FE6-0211-45C5-A874-D95B741CD9D6}"
EndProject
Global
	GlobalSection(SolutionConfigurationPlatforms) = preSolution
		Debug|Any CPU = Debug|Any CPU
		Release|Any CPU = Release|Any CPU
	EndGlobalSection
	GlobalSection(ProjectConfigurationPlatforms) = postSolution
		{9C1B1FE6-0211-45C5-A874-D95B741CD9D6}.Debug|Any CPU.ActiveCfg = Debug|Any CPU
		{9C1B1FE6-0211-45C5-A874-D95B741CD9D6}.Debug|Any CPU.Build.0 = Debug|Any CPU
		{9C1B1FE6-0211-45C5-A874-D95B741CD9D6}.Release|Any CPU.ActiveCfg = Release|Any CPU
		{9C1B1FE6-0211-45C5-A874-D95B741CD9D6}.Release|Any CPU.Build.0 = Release|Any CPU
	EndGlobalSection
	GlobalSection(SolutionProperties) = preSolution
		HideSolutionNode = FALSE
	EndGlobalSection
	GlobalSection(ExtensibilityGlobals) = postSolution
		SolutionGuid = {8C52C30E-9AF6-433D-A40F-7DE84E099FBC}
	EndGlobalSection
EndGlobal
